# THIS IS AN AUTOGENERATED FILE. DO NOT EDIT THIS FILE DIRECTLY.
# yarn lockfile v1


talkify-tts@^2.7.5:
  version "2.7.5"
  resolved "https://registry.yarnpkg.com/talkify-tts/-/talkify-tts-2.7.5.tgz#047150cd55723e82aef2d60873f1ca8b6cd986be"
  integrity sha512-kIkuC3MTI/pZfEjnKs4z0r+bQ+tQAbIlfL4hiKweHMQdS1PQg4nwybqI5UZpclS+DMipcFjm4gFJdO3tMOnXow==
